
Microsoft Visual Studio Solution File, Format Version 12.00
# Visual Studio Version 17
VisualStudioVersion = 17.6.33829.357
MinimumVisualStudioVersion = 10.0.40219.1
Project("{2150E333-8FDC-42A3-9474-1A3956D46DE8}") = "src", "src", "{E3043837-25AC-4FA9-A775-BA4BA993454D}"
EndProject
Project("{2150E333-8FDC-42A3-9474-1A3956D46DE8}") = "tests", "tests", "{030AA1AF-635C-41F4-ADBE-4B40B8D5AF2F}"
EndProject
Project("{9A19103F-16F7-4668-BE54-9A1E7A4F7556}") = "Host", "src\Host\Host.csproj", "{0B5F8558-9CB6-4F5E-BB2E-4F4101D7ADC8}"
EndProject
Project("{9A19103F-16F7-4668-BE54-9A1E7A4F7556}") = "Application", "src\Application\Application.csproj", "{64B955BC-3339-4DE5-9F74-CBEDA884B289}"
EndProject
Project("{9A19103F-16F7-4668-BE54-9A1E7A4F7556}") = "Domain", "src\Domain\Domain.csproj", "{01249273-39B9-47F1-92BA-7EF0AD19805B}"
EndProject
Project("{9A19103F-16F7-4668-BE54-9A1E7A4F7556}") = "Infrastructure", "src\Infrastructure\Infrastructure.csproj", "{654AF7DE-59CA-4CB5-AD93-7F2D0C6BC970}"
EndProject
Project("{9A19103F-16F7-4668-BE54-9A1E7A4F7556}") = "UnitTests", "tests\UnitTests\UnitTests.csproj", "{5D58F348-5A4A-49CE-9C27-833029619B4E}"
EndProject
Project("{9A19103F-16F7-4668-BE54-9A1E7A4F7556}") = "Messaging", "src\Messaging\Messaging.csproj", "{AF4AE346-047F-4E8B-AC1E-24975AA1AEB4}"
EndProject
Project("{9A19103F-16F7-4668-BE54-9A1E7A4F7556}") = "IntegrationTests", "tests\IntegrationTests\IntegrationTests.csproj", "{41625954-52BC-4A37-AE9B-097020EE7854}"
EndProject
Global
	GlobalSection(SolutionConfigurationPlatforms) = preSolution
		Debug|Any CPU = Debug|Any CPU
		Release|Any CPU = Release|Any CPU
	EndGlobalSection
	GlobalSection(ProjectConfigurationPlatforms) = postSolution
		{0B5F8558-9CB6-4F5E-BB2E-4F4101D7ADC8}.Debug|Any CPU.ActiveCfg = Debug|Any CPU
		{0B5F8558-9CB6-4F5E-BB2E-4F4101D7ADC8}.Debug|Any CPU.Build.0 = Debug|Any CPU
		{0B5F8558-9CB6-4F5E-BB2E-4F4101D7ADC8}.Release|Any CPU.ActiveCfg = Release|Any CPU
		{0B5F8558-9CB6-4F5E-BB2E-4F4101D7ADC8}.Release|Any CPU.Build.0 = Release|Any CPU
		{64B955BC-3339-4DE5-9F74-CBEDA884B289}.Debug|Any CPU.ActiveCfg = Debug|Any CPU
		{64B955BC-3339-4DE5-9F74-CBEDA884B289}.Debug|Any CPU.Build.0 = Debug|Any CPU
		{64B955BC-3339-4DE5-9F74-CBEDA884B289}.Release|Any CPU.ActiveCfg = Release|Any CPU
		{64B955BC-3339-4DE5-9F74-CBEDA884B289}.Release|Any CPU.Build.0 = Release|Any CPU
		{01249273-39B9-47F1-92BA-7EF0AD19805B}.Debug|Any CPU.ActiveCfg = Debug|Any CPU
		{01249273-39B9-47F1-92BA-7EF0AD19805B}.Debug|Any CPU.Build.0 = Debug|Any CPU
		{01249273-39B9-47F1-92BA-7EF0AD19805B}.Release|Any CPU.ActiveCfg = Release|Any CPU
		{01249273-39B9-47F1-92BA-7EF0AD19805B}.Release|Any CPU.Build.0 = Release|Any CPU
		{654AF7DE-59CA-4CB5-AD93-7F2D0C6BC970}.Debug|Any CPU.ActiveCfg = Debug|Any CPU
		{654AF7DE-59CA-4CB5-AD93-7F2D0C6BC970}.Debug|Any CPU.Build.0 = Debug|Any CPU
		{654AF7DE-59CA-4CB5-AD93-7F2D0C6BC970}.Release|Any CPU.ActiveCfg = Release|Any CPU
		{654AF7DE-59CA-4CB5-AD93-7F2D0C6BC970}.Release|Any CPU.Build.0 = Release|Any CPU
		{5D58F348-5A4A-49CE-9C27-833029619B4E}.Debug|Any CPU.ActiveCfg = Debug|Any CPU
		{5D58F348-5A4A-49CE-9C27-833029619B4E}.Debug|Any CPU.Build.0 = Debug|Any CPU
		{5D58F348-5A4A-49CE-9C27-833029619B4E}.Release|Any CPU.ActiveCfg = Release|Any CPU
		{5D58F348-5A4A-49CE-9C27-833029619B4E}.Release|Any CPU.Build.0 = Release|Any CPU
		{AF4AE346-047F-4E8B-AC1E-24975AA1AEB4}.Debug|Any CPU.ActiveCfg = Debug|Any CPU
		{AF4AE346-047F-4E8B-AC1E-24975AA1AEB4}.Debug|Any CPU.Build.0 = Debug|Any CPU
		{AF4AE346-047F-4E8B-AC1E-24975AA1AEB4}.Release|Any CPU.ActiveCfg = Release|Any CPU
		{AF4AE346-047F-4E8B-AC1E-24975AA1AEB4}.Release|Any CPU.Build.0 = Release|Any CPU
		{41625954-52BC-4A37-AE9B-097020EE7854}.Debug|Any CPU.ActiveCfg = Debug|Any CPU
		{41625954-52BC-4A37-AE9B-097020EE7854}.Debug|Any CPU.Build.0 = Debug|Any CPU
		{41625954-52BC-4A37-AE9B-097020EE7854}.Release|Any CPU.ActiveCfg = Release|Any CPU
		{41625954-52BC-4A37-AE9B-097020EE7854}.Release|Any CPU.Build.0 = Release|Any CPU
	EndGlobalSection
	GlobalSection(SolutionProperties) = preSolution
		HideSolutionNode = FALSE
	EndGlobalSection
	GlobalSection(NestedProjects) = preSolution
		{0B5F8558-9CB6-4F5E-BB2E-4F4101D7ADC8} = {E3043837-25AC-4FA9-A775-BA4BA993454D}
		{64B955BC-3339-4DE5-9F74-CBEDA884B289} = {E3043837-25AC-4FA9-A775-BA4BA993454D}
		{01249273-39B9-47F1-92BA-7EF0AD19805B} = {E3043837-25AC-4FA9-A775-BA4BA993454D}
		{654AF7DE-59CA-4CB5-AD93-7F2D0C6BC970} = {E3043837-25AC-4FA9-A775-BA4BA993454D}
		{5D58F348-5A4A-49CE-9C27-833029619B4E} = {030AA1AF-635C-41F4-ADBE-4B40B8D5AF2F}
		{AF4AE346-047F-4E8B-AC1E-24975AA1AEB4} = {E3043837-25AC-4FA9-A775-BA4BA993454D}
		{41625954-52BC-4A37-AE9B-097020EE7854} = {030AA1AF-635C-41F4-ADBE-4B40B8D5AF2F}
	EndGlobalSection
	GlobalSection(ExtensibilityGlobals) = postSolution
		SolutionGuid = {12A007D4-3924-40D3-964D-548F4050F86F}
	EndGlobalSection
EndGlobal
